
Microsoft Visual Studio Solution File, Format Version 12.00
# Visual Studio Version 17
VisualStudioVersion = 17.0.31903.59
MinimumVisualStudioVersion = 10.0.40219.1
Project("{2150E333-8FDC-42A3-9474-1A3956D46DE8}") = "Functions", "Functions", "{FB8949DD-EDEF-49F6-AF89-FE3C43859113}"
EndProject
Project("{FAE04EC0-301F-11D3-BF4B-00C04F79EFBC}") = "RaceAPI", "Functions\RaceAPI\RaceAPI.csproj", "{2AC161C3-DD06-4CD3-9030-2707BA12C051}"
EndProject
Project("{FAE04EC0-301F-11D3-BF4B-00C04F79EFBC}") = "RingAPI", "Functions\RingAPI\RingAPI.csproj", "{FE4708D3-A41F-45CC-AC60-62004C2DDF16}"
EndProject
Project("{FAE04EC0-301F-11D3-BF4B-00C04F79EFBC}") = "TournamentAPI", "Functions\TournamentAPI\TournamentAPI.csproj", "{B7128E30-D20F-4FC5-B604-FCEA63559E16}"
EndProject
Project("{FAE04EC0-301F-11D3-BF4B-00C04F79EFBC}") = "FunctionHelper", "Functions\FunctionHelper\FunctionHelper.csproj", "{DC829EB2-DE50-419A-8814-6F3EAF835A03}"
EndProject
Project("{FAE04EC0-301F-11D3-BF4B-00C04F79EFBC}") = "Functions.Tests", "..\tests\Functions.Tests\Functions.Tests.csproj", "{40ABB5BE-6679-44D5-93FC-BA6409DE2F4E}"
EndProject
Global
	GlobalSection(SolutionConfigurationPlatforms) = preSolution
		Debug|Any CPU = Debug|Any CPU
		Release|Any CPU = Release|Any CPU
	EndGlobalSection
	GlobalSection(ProjectConfigurationPlatforms) = postSolution
		{2AC161C3-DD06-4CD3-9030-2707BA12C051}.Debug|Any CPU.ActiveCfg = Debug|Any CPU
		{2AC161C3-DD06-4CD3-9030-2707BA12C051}.Debug|Any CPU.Build.0 = Debug|Any CPU
		{2AC161C3-DD06-4CD3-9030-2707BA12C051}.Release|Any CPU.ActiveCfg = Release|Any CPU
		{2AC161C3-DD06-4CD3-9030-2707BA12C051}.Release|Any CPU.Build.0 = Release|Any CPU
		{FE4708D3-A41F-45CC-AC60-62004C2DDF16}.Debug|Any CPU.ActiveCfg = Debug|Any CPU
		{FE4708D3-A41F-45CC-AC60-62004C2DDF16}.Debug|Any CPU.Build.0 = Debug|Any CPU
		{FE4708D3-A41F-45CC-AC60-62004C2DDF16}.Release|Any CPU.ActiveCfg = Release|Any CPU
		{FE4708D3-A41F-45CC-AC60-62004C2DDF16}.Release|Any CPU.Build.0 = Release|Any CPU
		{B7128E30-D20F-4FC5-B604-FCEA63559E16}.Debug|Any CPU.ActiveCfg = Debug|Any CPU
		{B7128E30-D20F-4FC5-B604-FCEA63559E16}.Debug|Any CPU.Build.0 = Debug|Any CPU
		{B7128E30-D20F-4FC5-B604-FCEA63559E16}.Release|Any CPU.ActiveCfg = Release|Any CPU
		{B7128E30-D20F-4FC5-B604-FCEA63559E16}.Release|Any CPU.Build.0 = Release|Any CPU
		{DC829EB2-DE50-419A-8814-6F3EAF835A03}.Debug|Any CPU.ActiveCfg = Debug|Any CPU
		{DC829EB2-DE50-419A-8814-6F3EAF835A03}.Debug|Any CPU.Build.0 = Debug|Any CPU
		{DC829EB2-DE50-419A-8814-6F3EAF835A03}.Release|Any CPU.ActiveCfg = Release|Any CPU
		{DC829EB2-DE50-419A-8814-6F3EAF835A03}.Release|Any CPU.Build.0 = Release|Any CPU
		{40ABB5BE-6679-44D5-93FC-BA6409DE2F4E}.Debug|Any CPU.ActiveCfg = Debug|Any CPU
		{40ABB5BE-6679-44D5-93FC-BA6409DE2F4E}.Debug|Any CPU.Build.0 = Debug|Any CPU
		{40ABB5BE-6679-44D5-93FC-BA6409DE2F4E}.Release|Any CPU.ActiveCfg = Release|Any CPU
		{40ABB5BE-6679-44D5-93FC-BA6409DE2F4E}.Release|Any CPU.Build.0 = Release|Any CPU
	EndGlobalSection
	GlobalSection(SolutionProperties) = preSolution
		HideSolutionNode = FALSE
	EndGlobalSection
	GlobalSection(NestedProjects) = preSolution
		{2AC161C3-DD06-4CD3-9030-2707BA12C051} = {FB8949DD-EDEF-49F6-AF89-FE3C43859113}
		{FE4708D3-A41F-45CC-AC60-62004C2DDF16} = {FB8949DD-EDEF-49F6-AF89-FE3C43859113}
		{B7128E30-D20F-4FC5-B604-FCEA63559E16} = {FB8949DD-EDEF-49F6-AF89-FE3C43859113}
		{DC829EB2-DE50-419A-8814-6F3EAF835A03} = {FB8949DD-EDEF-49F6-AF89-FE3C43859113}
	EndGlobalSection
	GlobalSection(ExtensibilityGlobals) = postSolution
		SolutionGuid = {CAEC77B5-1FF5-4E89-86CD-620314C521C4}
	EndGlobalSection
EndGlobal
