Microsoft Visual Studio Solution File, Format Version 12.00
# Visual Studio Version 17
VisualStudioVersion = 17.8.0.0
MinimumVisualStudioVersion = 17.8.0.0
Project("{9A19103F-16F7-4668-BE54-9A1E7A4F7556}") = "FlyballRaceDay.AppHost", "FlyballRaceDay.AppHost\FlyballRaceDay.AppHost.csproj", "{EF5670C1-309B-4C7A-82CF-680840E76129}"
EndProject
Project("{9A19103F-16F7-4668-BE54-9A1E7A4F7556}") = "FlyballRaceDay.ServiceDefaults", "FlyballRaceDay.ServiceDefaults\FlyballRaceDay.ServiceDefaults.csproj", "{26642D21-FAC7-41CE-910A-D6CFD8D65C38}"
EndProject
Project("{9A19103F-16F7-4668-BE54-9A1E7A4F7556}") = "FlyballRaceDay.ApiService", "FlyballRaceDay.ApiService\FlyballRaceDay.ApiService.csproj", "{40140ACF-D99A-4D58-BCB8-2BDDAF7D831F}"
EndProject
Project("{9A19103F-16F7-4668-BE54-9A1E7A4F7556}") = "FlyballRaceDay.Web", "FlyballRaceDay.Web\FlyballRaceDay.Web.csproj", "{BE022DAC-56BF-43B8-AEE6-931AF22333FA}"
EndProject
Project("{FAE04EC0-301F-11D3-BF4B-00C04F79EFBC}") = "FlyballRaceDay.Shared", "FlyballRaceDay.Shared\FlyballRaceDay.Shared.csproj", "{AEBDA113-2F63-44AF-B8A1-2B0D089C9800}"
EndProject
Project("{FAE04EC0-301F-11D3-BF4B-00C04F79EFBC}") = "FlyballRaceDay.Web.Client", "FlyballRaceDay.Web.Client\FlyballRaceDay.Web.Client.csproj", "{C06F545F-D121-4022-BE68-DD820E2E542C}"
EndProject
Project("{FAE04EC0-301F-11D3-BF4B-00C04F79EFBC}") = "FlyballRaceDay.Web.Shared", "FlyballRaceDay.Web.Shared\FlyballRaceDay.Web.Shared.csproj", "{611F8393-14E4-4383-91FE-504BCB6486E8}"
EndProject
Project("{FAE04EC0-301F-11D3-BF4B-00C04F79EFBC}") = "FlyballRaceDay.Tests", "..\tests\FlyballRaceDay.Tests\FlyballRaceDay.Tests.csproj", "{29F1C609-4A4C-4729-8F5A-DAFD8DA9BFEE}"
EndProject
Global
	GlobalSection(SolutionConfigurationPlatforms) = preSolution
		Debug|Any CPU = Debug|Any CPU
		Release|Any CPU = Release|Any CPU
	EndGlobalSection
	GlobalSection(ProjectConfigurationPlatforms) = postSolution
		{EF5670C1-309B-4C7A-82CF-680840E76129}.Debug|Any CPU.ActiveCfg = Debug|Any CPU
		{EF5670C1-309B-4C7A-82CF-680840E76129}.Debug|Any CPU.Build.0 = Debug|Any CPU
		{EF5670C1-309B-4C7A-82CF-680840E76129}.Release|Any CPU.ActiveCfg = Release|Any CPU
		{EF5670C1-309B-4C7A-82CF-680840E76129}.Release|Any CPU.Build.0 = Release|Any CPU
		{26642D21-FAC7-41CE-910A-D6CFD8D65C38}.Debug|Any CPU.ActiveCfg = Debug|Any CPU
		{26642D21-FAC7-41CE-910A-D6CFD8D65C38}.Debug|Any CPU.Build.0 = Debug|Any CPU
		{26642D21-FAC7-41CE-910A-D6CFD8D65C38}.Release|Any CPU.ActiveCfg = Release|Any CPU
		{26642D21-FAC7-41CE-910A-D6CFD8D65C38}.Release|Any CPU.Build.0 = Release|Any CPU
		{40140ACF-D99A-4D58-BCB8-2BDDAF7D831F}.Debug|Any CPU.ActiveCfg = Debug|Any CPU
		{40140ACF-D99A-4D58-BCB8-2BDDAF7D831F}.Debug|Any CPU.Build.0 = Debug|Any CPU
		{40140ACF-D99A-4D58-BCB8-2BDDAF7D831F}.Release|Any CPU.ActiveCfg = Release|Any CPU
		{40140ACF-D99A-4D58-BCB8-2BDDAF7D831F}.Release|Any CPU.Build.0 = Release|Any CPU
		{BE022DAC-56BF-43B8-AEE6-931AF22333FA}.Debug|Any CPU.ActiveCfg = Debug|Any CPU
		{BE022DAC-56BF-43B8-AEE6-931AF22333FA}.Debug|Any CPU.Build.0 = Debug|Any CPU
		{BE022DAC-56BF-43B8-AEE6-931AF22333FA}.Release|Any CPU.ActiveCfg = Release|Any CPU
		{BE022DAC-56BF-43B8-AEE6-931AF22333FA}.Release|Any CPU.Build.0 = Release|Any CPU
		{AEBDA113-2F63-44AF-B8A1-2B0D089C9800}.Debug|Any CPU.ActiveCfg = Debug|Any CPU
		{AEBDA113-2F63-44AF-B8A1-2B0D089C9800}.Debug|Any CPU.Build.0 = Debug|Any CPU
		{AEBDA113-2F63-44AF-B8A1-2B0D089C9800}.Release|Any CPU.ActiveCfg = Release|Any CPU
		{AEBDA113-2F63-44AF-B8A1-2B0D089C9800}.Release|Any CPU.Build.0 = Release|Any CPU
		{C06F545F-D121-4022-BE68-DD820E2E542C}.Debug|Any CPU.ActiveCfg = Debug|Any CPU
		{C06F545F-D121-4022-BE68-DD820E2E542C}.Debug|Any CPU.Build.0 = Debug|Any CPU
		{C06F545F-D121-4022-BE68-DD820E2E542C}.Release|Any CPU.ActiveCfg = Release|Any CPU
		{C06F545F-D121-4022-BE68-DD820E2E542C}.Release|Any CPU.Build.0 = Release|Any CPU
		{611F8393-14E4-4383-91FE-504BCB6486E8}.Debug|Any CPU.ActiveCfg = Debug|Any CPU
		{611F8393-14E4-4383-91FE-504BCB6486E8}.Debug|Any CPU.Build.0 = Debug|Any CPU
		{611F8393-14E4-4383-91FE-504BCB6486E8}.Release|Any CPU.ActiveCfg = Release|Any CPU
		{611F8393-14E4-4383-91FE-504BCB6486E8}.Release|Any CPU.Build.0 = Release|Any CPU
		{29F1C609-4A4C-4729-8F5A-DAFD8DA9BFEE}.Debug|Any CPU.ActiveCfg = Debug|Any CPU
		{29F1C609-4A4C-4729-8F5A-DAFD8DA9BFEE}.Debug|Any CPU.Build.0 = Debug|Any CPU
		{29F1C609-4A4C-4729-8F5A-DAFD8DA9BFEE}.Release|Any CPU.ActiveCfg = Release|Any CPU
		{29F1C609-4A4C-4729-8F5A-DAFD8DA9BFEE}.Release|Any CPU.Build.0 = Release|Any CPU
	EndGlobalSection
	GlobalSection(SolutionProperties) = preSolution
		HideSolutionNode = FALSE
	EndGlobalSection
	GlobalSection(ExtensibilityGlobals) = postSolution
		SolutionGuid = {8DCA290F-32C8-4A70-BC6F-1C2A28AF0938}
	EndGlobalSection
EndGlobal
